
Microsoft Visual Studio Solution File, Format Version 12.00
# Visual Studio Version 17
VisualStudioVersion = 17.14.36408.4 d17.14
MinimumVisualStudioVersion = 10.0.40219.1
Project("{FAE04EC0-301F-11D3-BF4B-00C04F79EFBC}") = "AccpacUserManagement Wrapper", "AccpacUserManagement Wrapper.csproj", "{DE956104-2A68-4E54-B80F-8710E6562146}"
EndProject
Global
	GlobalSection(SolutionConfigurationPlatforms) = preSolution
		Debug|Any CPU = Debug|Any CPU
		Release|Any CPU = Release|Any CPU
	EndGlobalSection
	GlobalSection(ProjectConfigurationPlatforms) = postSolution
		{DE956104-2A68-4E54-B80F-8710E6562146}.Debug|Any CPU.ActiveCfg = Debug|Any CPU
		{DE956104-2A68-4E54-B80F-8710E6562146}.Debug|Any CPU.Build.0 = Debug|Any CPU
		{DE956104-2A68-4E54-B80F-8710E6562146}.Release|Any CPU.ActiveCfg = Release|Any CPU
		{DE956104-2A68-4E54-B80F-8710E6562146}.Release|Any CPU.Build.0 = Release|Any CPU
	EndGlobalSection
	GlobalSection(SolutionProperties) = preSolution
		HideSolutionNode = FALSE
	EndGlobalSection
	GlobalSection(ExtensibilityGlobals) = postSolution
		SolutionGuid = {0E1414F3-BB47-4EAA-B50F-C93DA57222BB}
	EndGlobalSection
EndGlobal
